
Microsoft Visual Studio Solution File, Format Version 12.00
# Visual Studio Version 16
VisualStudioVersion = 16.0.29123.88
MinimumVisualStudioVersion = 10.0.40219.1
Project("{FAE04EC0-301F-11D3-BF4B-00C04F79EFBC}") = "hangman2", "hangman2.csproj", "{D82105FE-486D-4D47-8053-DDE8954B4968}"
EndProject
Global
	GlobalSection(SolutionConfigurationPlatforms) = preSolution
		Debug|Any CPU = Debug|Any CPU
		Release|Any CPU = Release|Any CPU
	EndGlobalSection
	GlobalSection(ProjectConfigurationPlatforms) = postSolution
		{D82105FE-486D-4D47-8053-DDE8954B4968}.Debug|Any CPU.ActiveCfg = Debug|Any CPU
		{D82105FE-486D-4D47-8053-DDE8954B4968}.Debug|Any CPU.Build.0 = Debug|Any CPU
		{D82105FE-486D-4D47-8053-DDE8954B4968}.Release|Any CPU.ActiveCfg = Release|Any CPU
		{D82105FE-486D-4D47-8053-DDE8954B4968}.Release|Any CPU.Build.0 = Release|Any CPU
	EndGlobalSection
	GlobalSection(SolutionProperties) = preSolution
		HideSolutionNode = FALSE
	EndGlobalSection
	GlobalSection(ExtensibilityGlobals) = postSolution
		SolutionGuid = {1103DFAC-8096-449D-912C-33117CD3CBE0}
	EndGlobalSection
EndGlobal
